<?xml version="1.0" encoding="utf-8"?>
<Project ToolsVersion="4.0" xmlns="http://schemas.microsoft.com/developer/msbuild/2003">
  <ItemGroup>
    <Filter Include="Source Files">
      <UniqueIdentifier>{4FC737F1-C7A5-4376-A066-2A32D752A2FF}</UniqueIdentifier>
      <Extensions>cpp;c;cc;cxx;def;odl;idl;hpj;bat;asm;asmx</Extensions>
    </Filter>
    <Filter Include="Header Files">
      <UniqueIdentifier>{93995380-89BD-4b04-88EB-625FBE52EBFB}</UniqueIdentifier>
      <Extensions>h;hh;hpp;hxx;hm;inl;inc;ipp;xsd</Extensions>
    </Filter>
    <Filter Include="Resource Files">
      <UniqueIdentifier>{67DA6AB6-F800-4c08-8B7A-83BB121AAD01}</UniqueIdentifier>
      <Extensions>rc;ico;cur;bmp;dlg;rc2;rct;bin;rgs;gif;jpg;jpeg;jpe;resx;tiff;tif;png;wav;mfcribbon-ms</Extensions>
    </Filter>
    <Filter Include="Assets">
      <UniqueIdentifier>{7b21c597-7506-460e-9176-95606e203d85}</UniqueIdentifier>
    </Filter>
    <Filter Include="Scene">
      <UniqueIdentifier>{94b84bfb-a548-4981-a281-6c91bc24503e}</UniqueIdentifier>
    </Filter>
    <Filter Include="Background">
      <UniqueIdentifier>{7157e73d-8c2a-4f18-81f7-ff20940d4712}</UniqueIdentifier>
    </Filter>
    <Filter Include="ImageAssets">
      <UniqueIdentifier>{970e6612-0aff-4f42-ba49-bb116e79ddea}</UniqueIdentifier>
    </Filter>
    <Filter Include="Camera">
      <UniqueIdentifier>{ae11f661-0827-4c2f-88d3-3efdc313b047}</UniqueIdentifier>
    </Filter>
    <Filter Include="GameObjects">
      <UniqueIdentifier>{d40775ca-2b6d-4b32-9c9b-0ad6f6be3ad9}</UniqueIdentifier>
    </Filter>
    <Filter Include="Aladdin">
      <UniqueIdentifier>{448a7c87-ae3c-4c4e-aee4-1b559092bf65}</UniqueIdentifier>
    </Filter>
    <Filter Include="Interfaces">
      <UniqueIdentifier>{c1d9dfe1-02de-4867-b08b-8b8199687287}</UniqueIdentifier>
    </Filter>
    <Filter Include="Viewport">
      <UniqueIdentifier>{2d934664-1cc0-4a12-98d5-115957ce0f59}</UniqueIdentifier>
    </Filter>
  </ItemGroup>
  <ItemGroup>
    <ResourceCompile Include="Aladdin.rc">
      <Filter>Resource Files</Filter>
    </ResourceCompile>
  </ItemGroup>
  <ItemGroup>
    <Image Include="small.ico">
      <Filter>Resource Files</Filter>
    </Image>
    <Image Include="Aladdin.ico">
      <Filter>Resource Files</Filter>
    </Image>
  </ItemGroup>
  <ItemGroup>
    <ClInclude Include="Game.h">
      <Filter>Header Files</Filter>
    </ClInclude>
    <ClInclude Include="Util.h">
      <Filter>Assets</Filter>
    </ClInclude>
    <ClInclude Include="SceneManager.h">
      <Filter>Scene</Filter>
    </ClInclude>
    <ClInclude Include="Background.h">
      <Filter>Background</Filter>
    </ClInclude>
    <ClInclude Include="BackgroundManager.h">
      <Filter>Background</Filter>
    </ClInclude>
    <ClInclude Include="ImageLoader.h">
      <Filter>ImageAssets</Filter>
    </ClInclude>
    <ClInclude Include="ImagePaths.h">
      <Filter>ImageAssets</Filter>
    </ClInclude>
    <ClInclude Include="Aladdin.h">
      <Filter>Aladdin</Filter>
    </ClInclude>
    <ClInclude Include="AladdinAction.h">
      <Filter>Aladdin</Filter>
    </ClInclude>
    <ClInclude Include="GameObjectTypes.h">
      <Filter>GameObjects</Filter>
    </ClInclude>
    <ClInclude Include="Sprite.h">
      <Filter>Header Files</Filter>
    </ClInclude>
    <ClInclude Include="Camera.h">
      <Filter>Camera</Filter>
    </ClInclude>
    <ClInclude Include="ISprite.h">
      <Filter>Interfaces</Filter>
    </ClInclude>
    <ClInclude Include="Viewport.h">
      <Filter>Viewport</Filter>
    </ClInclude>
  </ItemGroup>
  <ItemGroup>
    <ClCompile Include="WinMain.cpp">
      <Filter>Source Files</Filter>
    </ClCompile>
    <ClCompile Include="Game.cpp">
      <Filter>Source Files</Filter>
    </ClCompile>
    <ClCompile Include="Util.cpp">
      <Filter>Assets</Filter>
    </ClCompile>
    <ClCompile Include="SceneManager.cpp">
      <Filter>Scene</Filter>
    </ClCompile>
    <ClCompile Include="Background.cpp">
      <Filter>Background</Filter>
    </ClCompile>
    <ClCompile Include="BackgroundManager.cpp">
      <Filter>Background</Filter>
    </ClCompile>
    <ClCompile Include="ImageLoader.cpp">
      <Filter>ImageAssets</Filter>
    </ClCompile>
    <ClCompile Include="Aladdin.cpp">
      <Filter>Aladdin</Filter>
    </ClCompile>
    <ClCompile Include="AladdinAction.cpp">
      <Filter>Aladdin</Filter>
    </ClCompile>
    <ClCompile Include="Sprite.cpp">
      <Filter>Source Files</Filter>
    </ClCompile>
    <ClCompile Include="Camera.cpp">
      <Filter>Camera</Filter>
    </ClCompile>
    <ClCompile Include="Viewport.cpp">
      <Filter>Viewport</Filter>
    </ClCompile>
  </ItemGroup>
</Project>